Microsoft Visual Studio Solution File, Format Version 12.00
# Visual Studio Version 17
VisualStudioVersion = 17.5.2.0
MinimumVisualStudioVersion = 10.0.40219.1
Project("{FAE04EC0-301F-11D3-BF4B-00C04F79EFBC}") = "property-lease-saas", "property-lease-saas.csproj", "{3EC0C351-C31D-E11B-F0F8-E470A2442BA4}"
EndProject
Global
	GlobalSection(SolutionConfigurationPlatforms) = preSolution
		Debug|Any CPU = Debug|Any CPU
		Release|Any CPU = Release|Any CPU
	EndGlobalSection
	GlobalSection(ProjectConfigurationPlatforms) = postSolution
		{3EC0C351-C31D-E11B-F0F8-E470A2442BA4}.Debug|Any CPU.ActiveCfg = Debug|Any CPU
		{3EC0C351-C31D-E11B-F0F8-E470A2442BA4}.Debug|Any CPU.Build.0 = Debug|Any CPU
		{3EC0C351-C31D-E11B-F0F8-E470A2442BA4}.Release|Any CPU.ActiveCfg = Release|Any CPU
		{3EC0C351-C31D-E11B-F0F8-E470A2442BA4}.Release|Any CPU.Build.0 = Release|Any CPU
	EndGlobalSection
	GlobalSection(SolutionProperties) = preSolution
		HideSolutionNode = FALSE
	EndGlobalSection
	GlobalSection(ExtensibilityGlobals) = postSolution
		SolutionGuid = {A53467C9-94D2-4CEF-BA98-00509813EFF0}
	EndGlobalSection
EndGlobal
